
Microsoft Visual Studio Solution File, Format Version 12.00
# Visual Studio Version 17
VisualStudioVersion = 17.13.36105.23 d17.13
MinimumVisualStudioVersion = 10.0.40219.1
Project("{FAE04EC0-301F-11D3-BF4B-00C04F79EFBC}") = "WpfApp1", "WpfApp1.csproj", "{C67AFFE8-9F62-41D7-B1F6-2F19EACC96FD}"
EndProject
Global
	GlobalSection(SolutionConfigurationPlatforms) = preSolution
		Debug|Any CPU = Debug|Any CPU
		Release|Any CPU = Release|Any CPU
	EndGlobalSection
	GlobalSection(ProjectConfigurationPlatforms) = postSolution
		{C67AFFE8-9F62-41D7-B1F6-2F19EACC96FD}.Debug|Any CPU.ActiveCfg = Debug|Any CPU
		{C67AFFE8-9F62-41D7-B1F6-2F19EACC96FD}.Debug|Any CPU.Build.0 = Debug|Any CPU
		{C67AFFE8-9F62-41D7-B1F6-2F19EACC96FD}.Release|Any CPU.ActiveCfg = Release|Any CPU
		{C67AFFE8-9F62-41D7-B1F6-2F19EACC96FD}.Release|Any CPU.Build.0 = Release|Any CPU
	EndGlobalSection
	GlobalSection(SolutionProperties) = preSolution
		HideSolutionNode = FALSE
	EndGlobalSection
	GlobalSection(ExtensibilityGlobals) = postSolution
		SolutionGuid = {27F6EF12-291A-4805-A171-AED7C3DEBA23}
	EndGlobalSection
EndGlobal
